// !$*UTF8*$!
{
	archiveVersion = 1;
	classes = {
	};
	objectVersion = 46;
	objects = {

/* Begin PBXBuildFile section */
		FA14DD0315C9F11A00F45FE9 /* Foundation.framework in Frameworks */ = {isa = PBXBuildFile; fileRef = FA14DD0215C9F11A00F45FE9 /* Foundation.framework */; };
		FA14DD0515C9F11A00F45FE9 /* UIKit.framework in Frameworks */ = {isa = PBXBuildFile; fileRef = FA14DD0415C9F11A00F45FE9 /* UIKit.framework */; };
		FA14DD0715C9F11A00F45FE9 /* CFNetwork.framework in Frameworks */ = {isa = PBXBuildFile; fileRef = FA14DD0615C9F11A00F45FE9 /* CFNetwork.framework */; };
		FA14DD0915C9F11A00F45FE9 /* CoreGraphics.framework in Frameworks */ = {isa = PBXBuildFile; fileRef = FA14DD0815C9F11A00F45FE9 /* CoreGraphics.framework */; };
		FA14DD0B15C9F11A00F45FE9 /* CoreLocation.framework in Frameworks */ = {isa = PBXBuildFile; fileRef = FA14DD0A15C9F11A00F45FE9 /* CoreLocation.framework */; };
		FA14DD0D15C9F11A00F45FE9 /* CoreMedia.framework in Frameworks */ = {isa = PBXBuildFile; fileRef = FA14DD0C15C9F11A00F45FE9 /* CoreMedia.framework */; };
		FA14DD0F15C9F11A00F45FE9 /* QuartzCore.framework in Frameworks */ = {isa = PBXBuildFile; fileRef = FA14DD0E15C9F11A00F45FE9 /* QuartzCore.framework */; };
		FA14DD1115C9F11A00F45FE9 /* Security.framework in Frameworks */ = {isa = PBXBuildFile; fileRef = FA14DD1015C9F11A00F45FE9 /* Security.framework */; };
		FA14DD1315C9F11A00F45FE9 /* MobileCoreServices.framework in Frameworks */ = {isa = PBXBuildFile; fileRef = FA14DD1215C9F11A00F45FE9 /* MobileCoreServices.framework */; };
		FA14DD1515C9F11A00F45FE9 /* AddressBook.framework in Frameworks */ = {isa = PBXBuildFile; fileRef = FA14DD1415C9F11A00F45FE9 /* AddressBook.framework */; };
		FA14DD1715C9F11A00F45FE9 /* AddressBookUI.framework in Frameworks */ = {isa = PBXBuildFile; fileRef = FA14DD1615C9F11A00F45FE9 /* AddressBookUI.framework */; };
		FA14DD1915C9F11A00F45FE9 /* AudioToolbox.framework in Frameworks */ = {isa = PBXBuildFile; fileRef = FA14DD1815C9F11A00F45FE9 /* AudioToolbox.framework */; };
		FA14DD1B15C9F11A00F45FE9 /* AVFoundation.framework in Frameworks */ = {isa = PBXBuildFile; fileRef = FA14DD1A15C9F11A00F45FE9 /* AVFoundation.framework */; };
		FA14DD1D15C9F11A00F45FE9 /* MediaPlayer.framework in Frameworks */ = {isa = PBXBuildFile; fileRef = FA14DD1C15C9F11A00F45FE9 /* MediaPlayer.framework */; };
		FA14DD1F15C9F11A00F45FE9 /* SystemConfiguration.framework in Frameworks */ = {isa = PBXBuildFile; fileRef = FA14DD1E15C9F11A00F45FE9 /* SystemConfiguration.framework */; };
		FA14DD2515C9F11A00F45FE9 /* InfoPlist.strings in Resources */ = {isa = PBXBuildFile; fileRef = FA14DD2315C9F11A00F45FE9 /* InfoPlist.strings */; };
		FA14DD2715C9F11A00F45FE9 /* main.m in Sources */ = {isa = PBXBuildFile; fileRef = FA14DD2615C9F11A00F45FE9 /* main.m */; };
		FA14DD2915C9F11A00F45FE9 /* HazyPassword-Prefix.pch in Resources */ = {isa = PBXBuildFile; fileRef = FA14DD2815C9F11A00F45FE9 /* HazyPassword-Prefix.pch */; };
		FA14DD4A15C9F11C00F45FE9 /* libz.dylib in Frameworks */ = {isa = PBXBuildFile; fileRef = FA14DD4915C9F11C00F45FE9 /* libz.dylib */; };
		FA14DD4E15C9F11C00F45FE9 /* icon-72.png in Resources */ = {isa = PBXBuildFile; fileRef = FA14DD4D15C9F11C00F45FE9 /* icon-72.png */; };
		FA14DD5015C9F11C00F45FE9 /* icon.png in Resources */ = {isa = PBXBuildFile; fileRef = FA14DD4F15C9F11C00F45FE9 /* icon.png */; };
		FA14DD5215C9F11C00F45FE9 /* icon@2x.png in Resources */ = {isa = PBXBuildFile; fileRef = FA14DD5115C9F11C00F45FE9 /* icon@2x.png */; };
		FA14DD5515C9F11C00F45FE9 /* Default-Landscape~ipad.png in Resources */ = {isa = PBXBuildFile; fileRef = FA14DD5415C9F11C00F45FE9 /* Default-Landscape~ipad.png */; };
		FA14DD5715C9F11C00F45FE9 /* Default-Portrait~ipad.png in Resources */ = {isa = PBXBuildFile; fileRef = FA14DD5615C9F11C00F45FE9 /* Default-Portrait~ipad.png */; };
		FA14DD5915C9F11C00F45FE9 /* Default.png in Resources */ = {isa = PBXBuildFile; fileRef = FA14DD5815C9F11C00F45FE9 /* Default.png */; };
		FA14DD5B15C9F11C00F45FE9 /* Default@2x.png in Resources */ = {isa = PBXBuildFile; fileRef = FA14DD5A15C9F11C00F45FE9 /* Default@2x.png */; };
		FA14DD5D15C9F11C00F45FE9 /* Default~iPad.png in Resources */ = {isa = PBXBuildFile; fileRef = FA14DD5C15C9F11C00F45FE9 /* Default~iPad.png */; };
		FA14DD5F15C9F11C00F45FE9 /* readme.md in Resources */ = {isa = PBXBuildFile; fileRef = FA14DD5E15C9F11C00F45FE9 /* readme.md */; };
		FA14DD6315C9F11C00F45FE9 /* AppDelegate.m in Sources */ = {isa = PBXBuildFile; fileRef = FA14DD6215C9F11C00F45FE9 /* AppDelegate.m */; };
		FA14DD6615C9F11C00F45FE9 /* README in Resources */ = {isa = PBXBuildFile; fileRef = FA14DD6515C9F11C00F45FE9 /* README */; };
		FA14DD6815C9F11C00F45FE9 /* Cordova.plist in Resources */ = {isa = PBXBuildFile; fileRef = FA14DD6715C9F11C00F45FE9 /* Cordova.plist */; };
		FA14DD6A15C9F11C00F45FE9 /* Settings.bundle in Resources */ = {isa = PBXBuildFile; fileRef = FA14DD6915C9F11C00F45FE9 /* Settings.bundle */; };
		FA14DD6C15C9F11D00F45FE9 /* CordovaResources.bundle in Resources */ = {isa = PBXBuildFile; fileRef = FA14DD6B15C9F11D00F45FE9 /* CordovaResources.bundle */; };
		FA14DD7315C9F1A000F45FE9 /* www in Resources */ = {isa = PBXBuildFile; fileRef = FA14DD7215C9F1A000F45FE9 /* www */; };
		FADE2A5E15F8D20300074AAF /* SalesforceHybridSDK.framework in Frameworks */ = {isa = PBXBuildFile; fileRef = FADE2A5D15F8D20300074AAF /* SalesforceHybridSDK.framework */; };
/* End PBXBuildFile section */

/* Begin PBXCopyFilesBuildPhase section */
		FA14DCFC15C9F11A00F45FE9 /* CopyFiles */ = {
			isa = PBXCopyFilesBuildPhase;
			buildActionMask = 2147483647;
			dstPath = www;
			dstSubfolderSpec = 7;
			files = (
			);
			runOnlyForDeploymentPostprocessing = 0;
		};
/* End PBXCopyFilesBuildPhase section */

/* Begin PBXFileReference section */
		FA14DCFE15C9F11A00F45FE9 /* HazyPassword.app */ = {isa = PBXFileReference; explicitFileType = wrapper.application; includeInIndex = 0; path = HazyPassword.app; sourceTree = BUILT_PRODUCTS_DIR; };
		FA14DD0215C9F11A00F45FE9 /* Foundation.framework */ = {isa = PBXFileReference; lastKnownFileType = wrapper.framework; name = Foundation.framework; path = System/Library/Frameworks/Foundation.framework; sourceTree = SDKROOT; };
		FA14DD0415C9F11A00F45FE9 /* UIKit.framework */ = {isa = PBXFileReference; lastKnownFileType = wrapper.framework; name = UIKit.framework; path = System/Library/Frameworks/UIKit.framework; sourceTree = SDKROOT; };
		FA14DD0615C9F11A00F45FE9 /* CFNetwork.framework */ = {isa = PBXFileReference; lastKnownFileType = wrapper.framework; name = CFNetwork.framework; path = System/Library/Frameworks/CFNetwork.framework; sourceTree = SDKROOT; };
		FA14DD0815C9F11A00F45FE9 /* CoreGraphics.framework */ = {isa = PBXFileReference; lastKnownFileType = wrapper.framework; name = CoreGraphics.framework; path = System/Library/Frameworks/CoreGraphics.framework; sourceTree = SDKROOT; };
		FA14DD0A15C9F11A00F45FE9 /* CoreLocation.framework */ = {isa = PBXFileReference; lastKnownFileType = wrapper.framework; name = CoreLocation.framework; path = System/Library/Frameworks/CoreLocation.framework; sourceTree = SDKROOT; };
		FA14DD0C15C9F11A00F45FE9 /* CoreMedia.framework */ = {isa = PBXFileReference; lastKnownFileType = wrapper.framework; name = CoreMedia.framework; path = System/Library/Frameworks/CoreMedia.framework; sourceTree = SDKROOT; };
		FA14DD0E15C9F11A00F45FE9 /* QuartzCore.framework */ = {isa = PBXFileReference; lastKnownFileType = wrapper.framework; name = QuartzCore.framework; path = System/Library/Frameworks/QuartzCore.framework; sourceTree = SDKROOT; };
		FA14DD1015C9F11A00F45FE9 /* Security.framework */ = {isa = PBXFileReference; lastKnownFileType = wrapper.framework; name = Security.framework; path = System/Library/Frameworks/Security.framework; sourceTree = SDKROOT; };
		FA14DD1215C9F11A00F45FE9 /* MobileCoreServices.framework */ = {isa = PBXFileReference; lastKnownFileType = wrapper.framework; name = MobileCoreServices.framework; path = System/Library/Frameworks/MobileCoreServices.framework; sourceTree = SDKROOT; };
		FA14DD1415C9F11A00F45FE9 /* AddressBook.framework */ = {isa = PBXFileReference; lastKnownFileType = wrapper.framework; name = AddressBook.framework; path = System/Library/Frameworks/AddressBook.framework; sourceTree = SDKROOT; };
		FA14DD1615C9F11A00F45FE9 /* AddressBookUI.framework */ = {isa = PBXFileReference; lastKnownFileType = wrapper.framework; name = AddressBookUI.framework; path = System/Library/Frameworks/AddressBookUI.framework; sourceTree = SDKROOT; };
		FA14DD1815C9F11A00F45FE9 /* AudioToolbox.framework */ = {isa = PBXFileReference; lastKnownFileType = wrapper.framework; name = AudioToolbox.framework; path = System/Library/Frameworks/AudioToolbox.framework; sourceTree = SDKROOT; };
		FA14DD1A15C9F11A00F45FE9 /* AVFoundation.framework */ = {isa = PBXFileReference; lastKnownFileType = wrapper.framework; name = AVFoundation.framework; path = System/Library/Frameworks/AVFoundation.framework; sourceTree = SDKROOT; };
		FA14DD1C15C9F11A00F45FE9 /* MediaPlayer.framework */ = {isa = PBXFileReference; lastKnownFileType = wrapper.framework; name = MediaPlayer.framework; path = System/Library/Frameworks/MediaPlayer.framework; sourceTree = SDKROOT; };
		FA14DD1E15C9F11A00F45FE9 /* SystemConfiguration.framework */ = {isa = PBXFileReference; lastKnownFileType = wrapper.framework; name = SystemConfiguration.framework; path = System/Library/Frameworks/SystemConfiguration.framework; sourceTree = SDKROOT; };
		FA14DD2215C9F11A00F45FE9 /* HazyPassword-Info.plist */ = {isa = PBXFileReference; lastKnownFileType = text.plist.xml; path = "HazyPassword-Info.plist"; sourceTree = "<group>"; };
		FA14DD2415C9F11A00F45FE9 /* en */ = {isa = PBXFileReference; lastKnownFileType = text.plist.strings; name = en; path = en.lproj/InfoPlist.strings; sourceTree = "<group>"; };
		FA14DD2615C9F11A00F45FE9 /* main.m */ = {isa = PBXFileReference; lastKnownFileType = sourcecode.c.objc; path = main.m; sourceTree = "<group>"; };
		FA14DD2815C9F11A00F45FE9 /* HazyPassword-Prefix.pch */ = {isa = PBXFileReference; lastKnownFileType = sourcecode.c.h; path = "HazyPassword-Prefix.pch"; sourceTree = "<group>"; };
		FA14DD4915C9F11C00F45FE9 /* libz.dylib */ = {isa = PBXFileReference; lastKnownFileType = "compiled.mach-o.dylib"; name = libz.dylib; path = /usr/lib/libz.dylib; sourceTree = DEVELOPER_DIR; };
		FA14DD4D15C9F11C00F45FE9 /* icon-72.png */ = {isa = PBXFileReference; lastKnownFileType = image.png; name = "icon-72.png"; path = "Resources/icons/icon-72.png"; sourceTree = "<group>"; };
		FA14DD4F15C9F11C00F45FE9 /* icon.png */ = {isa = PBXFileReference; lastKnownFileType = image.png; name = icon.png; path = Resources/icons/icon.png; sourceTree = "<group>"; };
		FA14DD5115C9F11C00F45FE9 /* icon@2x.png */ = {isa = PBXFileReference; lastKnownFileType = image.png; name = "icon@2x.png"; path = "Resources/icons/icon@2x.png"; sourceTree = "<group>"; };
		FA14DD5415C9F11C00F45FE9 /* Default-Landscape~ipad.png */ = {isa = PBXFileReference; lastKnownFileType = image.png; name = "Default-Landscape~ipad.png"; path = "Resources/splash/Default-Landscape~ipad.png"; sourceTree = "<group>"; };
		FA14DD5615C9F11C00F45FE9 /* Default-Portrait~ipad.png */ = {isa = PBXFileReference; lastKnownFileType = image.png; name = "Default-Portrait~ipad.png"; path = "Resources/splash/Default-Portrait~ipad.png"; sourceTree = "<group>"; };
		FA14DD5815C9F11C00F45FE9 /* Default.png */ = {isa = PBXFileReference; lastKnownFileType = image.png; name = Default.png; path = Resources/splash/Default.png; sourceTree = "<group>"; };
		FA14DD5A15C9F11C00F45FE9 /* Default@2x.png */ = {isa = PBXFileReference; lastKnownFileType = image.png; name = "Default@2x.png"; path = "Resources/splash/Default@2x.png"; sourceTree = "<group>"; };
		FA14DD5C15C9F11C00F45FE9 /* Default~iPad.png */ = {isa = PBXFileReference; lastKnownFileType = image.png; name = "Default~iPad.png"; path = "Resources/splash/Default~iPad.png"; sourceTree = "<group>"; };
		FA14DD5E15C9F11C00F45FE9 /* readme.md */ = {isa = PBXFileReference; lastKnownFileType = text; path = readme.md; sourceTree = "<group>"; };
		FA14DD6115C9F11C00F45FE9 /* AppDelegate.h */ = {isa = PBXFileReference; lastKnownFileType = sourcecode.c.h; name = AppDelegate.h; path = Classes/AppDelegate.h; sourceTree = "<group>"; };
		FA14DD6215C9F11C00F45FE9 /* AppDelegate.m */ = {isa = PBXFileReference; lastKnownFileType = sourcecode.c.objc; name = AppDelegate.m; path = Classes/AppDelegate.m; sourceTree = "<group>"; };
		FA14DD6515C9F11C00F45FE9 /* README */ = {isa = PBXFileReference; lastKnownFileType = text; name = README; path = Plugins/README; sourceTree = "<group>"; };
		FA14DD6715C9F11C00F45FE9 /* Cordova.plist */ = {isa = PBXFileReference; lastKnownFileType = text.plist.xml; path = Cordova.plist; sourceTree = "<group>"; };
		FA14DD6915C9F11C00F45FE9 /* Settings.bundle */ = {isa = PBXFileReference; lastKnownFileType = "wrapper.plug-in"; path = Settings.bundle; sourceTree = "<group>"; };
		FA14DD6B15C9F11D00F45FE9 /* CordovaResources.bundle */ = {isa = PBXFileReference; lastKnownFileType = "wrapper.plug-in"; path = CordovaResources.bundle; sourceTree = "<group>"; };
		FA14DD7215C9F1A000F45FE9 /* www */ = {isa = PBXFileReference; lastKnownFileType = folder; path = www; sourceTree = "<group>"; };
		FADE2A5D15F8D20300074AAF /* SalesforceHybridSDK.framework */ = {isa = PBXFileReference; lastKnownFileType = wrapper.framework; name = SalesforceHybridSDK.framework; path = "../../../Library/Developer/Xcode/DerivedData/SalesforceHybridSDK-fwrwyfpxsjdzkwcrdrngcvlxiqmz/Build/Products/Debug-iphonesimulator/SalesforceHybridSDK.framework"; sourceTree = "<group>"; };
/* End PBXFileReference section */

/* Begin PBXFrameworksBuildPhase section */
		FA14DCF915C9F11A00F45FE9 /* Frameworks */ = {
			isa = PBXFrameworksBuildPhase;
			buildActionMask = 2147483647;
			files = (
				FA14DD0315C9F11A00F45FE9 /* Foundation.framework in Frameworks */,
				FA14DD0515C9F11A00F45FE9 /* UIKit.framework in Frameworks */,
				FA14DD0715C9F11A00F45FE9 /* CFNetwork.framework in Frameworks */,
				FA14DD0915C9F11A00F45FE9 /* CoreGraphics.framework in Frameworks */,
				FA14DD0B15C9F11A00F45FE9 /* CoreLocation.framework in Frameworks */,
				FA14DD0D15C9F11A00F45FE9 /* CoreMedia.framework in Frameworks */,
				FA14DD0F15C9F11A00F45FE9 /* QuartzCore.framework in Frameworks */,
				FA14DD1115C9F11A00F45FE9 /* Security.framework in Frameworks */,
				FA14DD1315C9F11A00F45FE9 /* MobileCoreServices.framework in Frameworks */,
				FA14DD1515C9F11A00F45FE9 /* AddressBook.framework in Frameworks */,
				FA14DD1715C9F11A00F45FE9 /* AddressBookUI.framework in Frameworks */,
				FA14DD1915C9F11A00F45FE9 /* AudioToolbox.framework in Frameworks */,
				FA14DD1B15C9F11A00F45FE9 /* AVFoundation.framework in Frameworks */,
				FA14DD1D15C9F11A00F45FE9 /* MediaPlayer.framework in Frameworks */,
				FA14DD1F15C9F11A00F45FE9 /* SystemConfiguration.framework in Frameworks */,
				FA14DD4A15C9F11C00F45FE9 /* libz.dylib in Frameworks */,
				FADE2A5E15F8D20300074AAF /* SalesforceHybridSDK.framework in Frameworks */,
			);
			runOnlyForDeploymentPostprocessing = 0;
		};
/* End PBXFrameworksBuildPhase section */

/* Begin PBXGroup section */
		FA14DCF115C9F11A00F45FE9 = {
			isa = PBXGroup;
			children = (
				FADE2A5D15F8D20300074AAF /* SalesforceHybridSDK.framework */,
				FA14DD2015C9F11A00F45FE9 /* PlainText */,
				FA14DD0115C9F11A00F45FE9 /* Frameworks */,
				FA14DCFF15C9F11A00F45FE9 /* Products */,
			);
			sourceTree = "<group>";
		};
		FA14DCFF15C9F11A00F45FE9 /* Products */ = {
			isa = PBXGroup;
			children = (
				FA14DCFE15C9F11A00F45FE9 /* HazyPassword.app */,
			);
			name = Products;
			sourceTree = "<group>";
		};
		FA14DD0115C9F11A00F45FE9 /* Frameworks */ = {
			isa = PBXGroup;
			children = (
				FA14DD0215C9F11A00F45FE9 /* Foundation.framework */,
				FA14DD0415C9F11A00F45FE9 /* UIKit.framework */,
				FA14DD0615C9F11A00F45FE9 /* CFNetwork.framework */,
				FA14DD0815C9F11A00F45FE9 /* CoreGraphics.framework */,
				FA14DD0A15C9F11A00F45FE9 /* CoreLocation.framework */,
				FA14DD0C15C9F11A00F45FE9 /* CoreMedia.framework */,
				FA14DD0E15C9F11A00F45FE9 /* QuartzCore.framework */,
				FA14DD1015C9F11A00F45FE9 /* Security.framework */,
				FA14DD1215C9F11A00F45FE9 /* MobileCoreServices.framework */,
				FA14DD1415C9F11A00F45FE9 /* AddressBook.framework */,
				FA14DD1615C9F11A00F45FE9 /* AddressBookUI.framework */,
				FA14DD1815C9F11A00F45FE9 /* AudioToolbox.framework */,
				FA14DD1A15C9F11A00F45FE9 /* AVFoundation.framework */,
				FA14DD1C15C9F11A00F45FE9 /* MediaPlayer.framework */,
				FA14DD1E15C9F11A00F45FE9 /* SystemConfiguration.framework */,
			);
			name = Frameworks;
			sourceTree = "<group>";
		};
		FA14DD2015C9F11A00F45FE9 /* PlainText */ = {
			isa = PBXGroup;
			children = (
				FA14DD7215C9F1A000F45FE9 /* www */,
				FA14DD4915C9F11C00F45FE9 /* libz.dylib */,
				FA14DD5E15C9F11C00F45FE9 /* readme.md */,
				FA14DD6915C9F11C00F45FE9 /* Settings.bundle */,
				FA14DD6B15C9F11D00F45FE9 /* CordovaResources.bundle */,
				FA14DD4B15C9F11C00F45FE9 /* Resources */,
				FA14DD6015C9F11C00F45FE9 /* Classes */,
				FA14DD6415C9F11C00F45FE9 /* Plugins */,
				FA14DD2115C9F11A00F45FE9 /* Supporting Files */,
			);
			path = PlainText;
			sourceTree = "<group>";
		};
		FA14DD2115C9F11A00F45FE9 /* Supporting Files */ = {
			isa = PBXGroup;
			children = (
				FA14DD2215C9F11A00F45FE9 /* HazyPassword-Info.plist */,
				FA14DD2315C9F11A00F45FE9 /* InfoPlist.strings */,
				FA14DD2615C9F11A00F45FE9 /* main.m */,
				FA14DD2815C9F11A00F45FE9 /* HazyPassword-Prefix.pch */,
				FA14DD6715C9F11C00F45FE9 /* Cordova.plist */,
			);
			name = "Supporting Files";
			sourceTree = "<group>";
		};
		FA14DD4B15C9F11C00F45FE9 /* Resources */ = {
			isa = PBXGroup;
			children = (
				FA14DD4C15C9F11C00F45FE9 /* icons */,
				FA14DD5315C9F11C00F45FE9 /* splash */,
			);
			name = Resources;
			sourceTree = "<group>";
		};
		FA14DD4C15C9F11C00F45FE9 /* icons */ = {
			isa = PBXGroup;
			children = (
				FA14DD4D15C9F11C00F45FE9 /* icon-72.png */,
				FA14DD4F15C9F11C00F45FE9 /* icon.png */,
				FA14DD5115C9F11C00F45FE9 /* icon@2x.png */,
			);
			name = icons;
			sourceTree = "<group>";
		};
		FA14DD5315C9F11C00F45FE9 /* splash */ = {
			isa = PBXGroup;
			children = (
				FA14DD5415C9F11C00F45FE9 /* Default-Landscape~ipad.png */,
				FA14DD5615C9F11C00F45FE9 /* Default-Portrait~ipad.png */,
				FA14DD5815C9F11C00F45FE9 /* Default.png */,
				FA14DD5A15C9F11C00F45FE9 /* Default@2x.png */,
				FA14DD5C15C9F11C00F45FE9 /* Default~iPad.png */,
			);
			name = splash;
			sourceTree = "<group>";
		};
		FA14DD6015C9F11C00F45FE9 /* Classes */ = {
			isa = PBXGroup;
			children = (
				FA14DD6115C9F11C00F45FE9 /* AppDelegate.h */,
				FA14DD6215C9F11C00F45FE9 /* AppDelegate.m */,
			);
			name = Classes;
			sourceTree = "<group>";
		};
		FA14DD6415C9F11C00F45FE9 /* Plugins */ = {
			isa = PBXGroup;
			children = (
				FA14DD6515C9F11C00F45FE9 /* README */,
			);
			name = Plugins;
			sourceTree = "<group>";
		};
/* End PBXGroup section */

/* Begin PBXNativeTarget section */
		FA14DCFD15C9F11A00F45FE9 /* HazyPassword */ = {
			isa = PBXNativeTarget;
			buildConfigurationList = FA14DD6F15C9F11D00F45FE9 /* Build configuration list for PBXNativeTarget "HazyPassword" */;
			buildPhases = (
				FA14DCF815C9F11A00F45FE9 /* Sources */,
				FA14DCF915C9F11A00F45FE9 /* Frameworks */,
				FA14DCFA15C9F11A00F45FE9 /* Resources */,
				FA14DCFB15C9F11A00F45FE9 /* Sources */,
				FA14DCFC15C9F11A00F45FE9 /* CopyFiles */,
			);
			buildRules = (
			);
			dependencies = (
			);
			name = HazyPassword;
			productName = PlainText;
			productReference = FA14DCFE15C9F11A00F45FE9 /* HazyPassword.app */;
			productType = "com.apple.product-type.application";
		};
/* End PBXNativeTarget section */

/* Begin PBXProject section */
		FA14DCF315C9F11A00F45FE9 /* Project object */ = {
			isa = PBXProject;
			attributes = {
				LastUpgradeCheck = 0430;
			};
			buildConfigurationList = FA14DCF615C9F11A00F45FE9 /* Build configuration list for PBXProject "HazyPassword" */;
			compatibilityVersion = "Xcode 3.2";
			developmentRegion = English;
			hasScannedForEncodings = 0;
			knownRegions = (
				en,
			);
			mainGroup = FA14DCF115C9F11A00F45FE9;
			productRefGroup = FA14DCFF15C9F11A00F45FE9 /* Products */;
			projectDirPath = "";
			projectRoot = "";
			targets = (
				FA14DCFD15C9F11A00F45FE9 /* HazyPassword */,
			);
		};
/* End PBXProject section */

/* Begin PBXResourcesBuildPhase section */
		FA14DCFA15C9F11A00F45FE9 /* Resources */ = {
			isa = PBXResourcesBuildPhase;
			buildActionMask = 2147483647;
			files = (
				FA14DD2515C9F11A00F45FE9 /* InfoPlist.strings in Resources */,
				FA14DD2915C9F11A00F45FE9 /* HazyPassword-Prefix.pch in Resources */,
				FA14DD4E15C9F11C00F45FE9 /* icon-72.png in Resources */,
				FA14DD5015C9F11C00F45FE9 /* icon.png in Resources */,
				FA14DD5215C9F11C00F45FE9 /* icon@2x.png in Resources */,
				FA14DD5515C9F11C00F45FE9 /* Default-Landscape~ipad.png in Resources */,
				FA14DD5715C9F11C00F45FE9 /* Default-Portrait~ipad.png in Resources */,
				FA14DD5915C9F11C00F45FE9 /* Default.png in Resources */,
				FA14DD5B15C9F11C00F45FE9 /* Default@2x.png in Resources */,
				FA14DD5D15C9F11C00F45FE9 /* Default~iPad.png in Resources */,
				FA14DD5F15C9F11C00F45FE9 /* readme.md in Resources */,
				FA14DD6615C9F11C00F45FE9 /* README in Resources */,
				FA14DD6815C9F11C00F45FE9 /* Cordova.plist in Resources */,
				FA14DD6A15C9F11C00F45FE9 /* Settings.bundle in Resources */,
				FA14DD6C15C9F11D00F45FE9 /* CordovaResources.bundle in Resources */,
				FA14DD7315C9F1A000F45FE9 /* www in Resources */,
			);
			runOnlyForDeploymentPostprocessing = 0;
		};
/* End PBXResourcesBuildPhase section */

/* Begin PBXSourcesBuildPhase section */
		FA14DCF815C9F11A00F45FE9 /* Sources */ = {
			isa = PBXSourcesBuildPhase;
			buildActionMask = 2147483647;
			files = (
				FA14DD2715C9F11A00F45FE9 /* main.m in Sources */,
				FA14DD6315C9F11C00F45FE9 /* AppDelegate.m in Sources */,
			);
			runOnlyForDeploymentPostprocessing = 0;
		};
		FA14DCFB15C9F11A00F45FE9 /* Sources */ = {
			isa = PBXSourcesBuildPhase;
			buildActionMask = 2147483647;
			files = (
			);
			runOnlyForDeploymentPostprocessing = 0;
		};
/* End PBXSourcesBuildPhase section */

/* Begin PBXVariantGroup section */
		FA14DD2315C9F11A00F45FE9 /* InfoPlist.strings */ = {
			isa = PBXVariantGroup;
			children = (
				FA14DD2415C9F11A00F45FE9 /* en */,
			);
			name = InfoPlist.strings;
			sourceTree = "<group>";
		};
/* End PBXVariantGroup section */

/* Begin XCBuildConfiguration section */
		FA14DD6D15C9F11D00F45FE9 /* Debug */ = {
			isa = XCBuildConfiguration;
			buildSettings = {
				ALWAYS_SEARCH_USER_PATHS = YES;
				ARCHS = "$(ARCHS_STANDARD_32_BIT)";
				CODE_SIGN_IDENTITY = "iPhone Developer";
				COPY_PHASE_STRIP = NO;
				GCC_C_LANGUAGE_STANDARD = gnu99;
				GCC_DYNAMIC_NO_PIC = NO;
				GCC_OPTIMIZATION_LEVEL = 0;
				GCC_PREPROCESSOR_DEFINITIONS = (
					"DEBUG=1",
					"$(inherited)",
				);
				GCC_SYMBOLS_PRIVATE_EXTERN = NO;
				GCC_VERSION = com.apple.compilers.llvm.clang.1_0;
				GCC_WARN_ABOUT_RETURN_TYPE = YES;
				GCC_WARN_UNINITIALIZED_AUTOS = YES;
				GCC_WARN_UNUSED_VARIABLE = YES;
				IPHONEOS_DEPLOYMENT_TARGET = 5.0;
				OTHER_LDFLAGS = (
					"-ObjC",
					"-all_load",
				);
				SDKROOT = iphoneos;
				TARGETED_DEVICE_FAMILY = "1,2";
			};
			name = Debug;
		};
		FA14DD6E15C9F11D00F45FE9 /* Release */ = {
			isa = XCBuildConfiguration;
			buildSettings = {
				ALWAYS_SEARCH_USER_PATHS = YES;
				ARCHS = "$(ARCHS_STANDARD_32_BIT)";
				CODE_SIGN_IDENTITY = "iPhone Developer";
				COPY_PHASE_STRIP = YES;
				GCC_C_LANGUAGE_STANDARD = gnu99;
				GCC_PREPROCESSOR_DEFINITIONS = "CORDOVA_FRAMEWORK=1";
				GCC_VERSION = com.apple.compilers.llvm.clang.1_0;
				GCC_WARN_ABOUT_RETURN_TYPE = YES;
				GCC_WARN_UNINITIALIZED_AUTOS = YES;
				GCC_WARN_UNUSED_VARIABLE = YES;
				IPHONEOS_DEPLOYMENT_TARGET = 5.0;
				OTHER_LDFLAGS = (
					"-ObjC",
					"-all_load",
				);
				SDKROOT = iphoneos;
				TARGETED_DEVICE_FAMILY = "1,2";
				VALIDATE_PRODUCT = YES;
			};
			name = Release;
		};
		FA14DD7015C9F11D00F45FE9 /* Debug */ = {
			isa = XCBuildConfiguration;
			buildSettings = {
				FRAMEWORK_SEARCH_PATHS = (
					"$(inherited)",
					"\"$(SRCROOT)/PlainText\"",
					"\"$(SRCROOT)/../../../Library/Developer/Xcode/DerivedData/SalesforceHybridSDK-fwrwyfpxsjdzkwcrdrngcvlxiqmz/Build/Products/Debug-iphonesimulator\"",
					"\"$(SRCROOT)/../../R&D/TestPinLock/TestPinLock\"",
				);
				GCC_PRECOMPILE_PREFIX_HEADER = YES;
				GCC_PREFIX_HEADER = "PlainText/HazyPassword-Prefix.pch";
				INFOPLIST_FILE = "PlainText/HazyPassword-Info.plist";
				PRODUCT_NAME = HazyPassword;
				WRAPPER_EXTENSION = app;
			};
			name = Debug;
		};
		FA14DD7115C9F11D00F45FE9 /* Release */ = {
			isa = XCBuildConfiguration;
			buildSettings = {
				FRAMEWORK_SEARCH_PATHS = (
					"$(inherited)",
					"\"$(SRCROOT)/PlainText\"",
					"\"$(SRCROOT)/../../../Library/Developer/Xcode/DerivedData/SalesforceHybridSDK-fwrwyfpxsjdzkwcrdrngcvlxiqmz/Build/Products/Debug-iphonesimulator\"",
					"\"$(SRCROOT)/../../R&D/TestPinLock/TestPinLock\"",
				);
				GCC_PRECOMPILE_PREFIX_HEADER = YES;
				GCC_PREFIX_HEADER = "PlainText/HazyPassword-Prefix.pch";
				INFOPLIST_FILE = "PlainText/HazyPassword-Info.plist";
				PRODUCT_NAME = HazyPassword;
				WRAPPER_EXTENSION = app;
			};
			name = Release;
		};
/* End XCBuildConfiguration section */

/* Begin XCConfigurationList section */
		FA14DCF615C9F11A00F45FE9 /* Build configuration list for PBXProject "HazyPassword" */ = {
			isa = XCConfigurationList;
			buildConfigurations = (
				FA14DD6D15C9F11D00F45FE9 /* Debug */,
				FA14DD6E15C9F11D00F45FE9 /* Release */,
			);
			defaultConfigurationIsVisible = 0;
			defaultConfigurationName = Release;
		};
		FA14DD6F15C9F11D00F45FE9 /* Build configuration list for PBXNativeTarget "HazyPassword" */ = {
			isa = XCConfigurationList;
			buildConfigurations = (
				FA14DD7015C9F11D00F45FE9 /* Debug */,
				FA14DD7115C9F11D00F45FE9 /* Release */,
			);
			defaultConfigurationIsVisible = 0;
			defaultConfigurationName = Release;
		};
/* End XCConfigurationList section */
	};
	rootObject = FA14DCF315C9F11A00F45FE9 /* Project object */;
}
